
Microsoft Visual Studio Solution File, Format Version 12.00
# Visual Studio Version 16
VisualStudioVersion = 16.0.30114.105
MinimumVisualStudioVersion = 10.0.40219.1
Project("{9A19103F-16F7-4668-BE54-9A1E7A4F7556}") = "Viewer", "Viewer\Viewer.csproj", "{DD7793B5-6667-4FF6-AC4B-FBC311C5E4D4}"
EndProject
Project("{9A19103F-16F7-4668-BE54-9A1E7A4F7556}") = "CyclonePhysicsBook", "CyclonePhysicsBook\CyclonePhysicsBook.csproj", "{443F8C4C-0523-40AF-825C-F0DEACCFDD4E}"
EndProject
Project("{9A19103F-16F7-4668-BE54-9A1E7A4F7556}") = "Ballistic", "demos\Ballistic\Ballistic.csproj", "{187C2949-9D44-4D88-9054-7E367D000CA2}"
EndProject
Project("{9A19103F-16F7-4668-BE54-9A1E7A4F7556}") = "Fireworks", "demos\Fireworks\Fireworks.csproj", "{8C3085CA-B340-450F-B2D1-B1B42A428B7C}"
EndProject
Project("{2150E333-8FDC-42A3-9474-1A3956D46DE8}") = "demo", "demo", "{C5AA608A-68E4-4B1B-B68C-338C0257129B}"
EndProject
Project("{FAE04EC0-301F-11D3-BF4B-00C04F79EFBC}") = "Cyclone.WPF", "Cyclone.WPF\Cyclone.WPF.csproj", "{FCE2A991-B562-4123-89C1-F70F62F41FBF}"
EndProject
Global
	GlobalSection(SolutionConfigurationPlatforms) = preSolution
		Debug|Any CPU = Debug|Any CPU
		Release|Any CPU = Release|Any CPU
	EndGlobalSection
	GlobalSection(ProjectConfigurationPlatforms) = postSolution
		{DD7793B5-6667-4FF6-AC4B-FBC311C5E4D4}.Debug|Any CPU.ActiveCfg = Debug|Any CPU
		{DD7793B5-6667-4FF6-AC4B-FBC311C5E4D4}.Debug|Any CPU.Build.0 = Debug|Any CPU
		{DD7793B5-6667-4FF6-AC4B-FBC311C5E4D4}.Release|Any CPU.ActiveCfg = Release|Any CPU
		{DD7793B5-6667-4FF6-AC4B-FBC311C5E4D4}.Release|Any CPU.Build.0 = Release|Any CPU
		{443F8C4C-0523-40AF-825C-F0DEACCFDD4E}.Debug|Any CPU.ActiveCfg = Debug|Any CPU
		{443F8C4C-0523-40AF-825C-F0DEACCFDD4E}.Debug|Any CPU.Build.0 = Debug|Any CPU
		{443F8C4C-0523-40AF-825C-F0DEACCFDD4E}.Release|Any CPU.ActiveCfg = Release|Any CPU
		{443F8C4C-0523-40AF-825C-F0DEACCFDD4E}.Release|Any CPU.Build.0 = Release|Any CPU
		{187C2949-9D44-4D88-9054-7E367D000CA2}.Debug|Any CPU.ActiveCfg = Debug|Any CPU
		{187C2949-9D44-4D88-9054-7E367D000CA2}.Debug|Any CPU.Build.0 = Debug|Any CPU
		{187C2949-9D44-4D88-9054-7E367D000CA2}.Release|Any CPU.ActiveCfg = Release|Any CPU
		{187C2949-9D44-4D88-9054-7E367D000CA2}.Release|Any CPU.Build.0 = Release|Any CPU
		{8C3085CA-B340-450F-B2D1-B1B42A428B7C}.Debug|Any CPU.ActiveCfg = Debug|Any CPU
		{8C3085CA-B340-450F-B2D1-B1B42A428B7C}.Debug|Any CPU.Build.0 = Debug|Any CPU
		{8C3085CA-B340-450F-B2D1-B1B42A428B7C}.Release|Any CPU.ActiveCfg = Release|Any CPU
		{8C3085CA-B340-450F-B2D1-B1B42A428B7C}.Release|Any CPU.Build.0 = Release|Any CPU
		{FCE2A991-B562-4123-89C1-F70F62F41FBF}.Debug|Any CPU.ActiveCfg = Debug|Any CPU
		{FCE2A991-B562-4123-89C1-F70F62F41FBF}.Debug|Any CPU.Build.0 = Debug|Any CPU
		{FCE2A991-B562-4123-89C1-F70F62F41FBF}.Release|Any CPU.ActiveCfg = Release|Any CPU
		{FCE2A991-B562-4123-89C1-F70F62F41FBF}.Release|Any CPU.Build.0 = Release|Any CPU
	EndGlobalSection
	GlobalSection(SolutionProperties) = preSolution
		HideSolutionNode = FALSE
	EndGlobalSection
	GlobalSection(NestedProjects) = preSolution
		{187C2949-9D44-4D88-9054-7E367D000CA2} = {C5AA608A-68E4-4B1B-B68C-338C0257129B}
		{8C3085CA-B340-450F-B2D1-B1B42A428B7C} = {C5AA608A-68E4-4B1B-B68C-338C0257129B}
	EndGlobalSection
	GlobalSection(ExtensibilityGlobals) = postSolution
		SolutionGuid = {EBCBA94A-FB85-455F-82FC-4E0806A7BADF}
	EndGlobalSection
EndGlobal
